
Microsoft Visual Studio Solution File, Format Version 12.00
# Visual Studio Version 17
VisualStudioVersion = 17.9.34701.34
MinimumVisualStudioVersion = 10.0.40219.1
Project("{9A19103F-16F7-4668-BE54-9A1E7A4F7556}") = "Mliybs.OneBot.V11", "Mliybs.OneBot.V11\Mliybs.OneBot.V11.csproj", "{BB78367F-10EF-4415-BB9E-E40851D673C5}"
EndProject
Project("{9A19103F-16F7-4668-BE54-9A1E7A4F7556}") = "Mliybs.OneBot.V11.Test", "Mliybs.OneBot.V11.Test\Mliybs.OneBot.V11.Test.csproj", "{40BD30F7-B22D-4F2D-97FA-BBD292F79721}"
EndProject
Project("{9A19103F-16F7-4668-BE54-9A1E7A4F7556}") = "OneBot.NET", "OneBot.NET\OneBot.NET.csproj", "{6877BF99-73F0-41DB-96BF-5A4224460257}"
EndProject
Global
	GlobalSection(SolutionConfigurationPlatforms) = preSolution
		Debug|Any CPU = Debug|Any CPU
		Release|Any CPU = Release|Any CPU
	EndGlobalSection
	GlobalSection(ProjectConfigurationPlatforms) = postSolution
		{BB78367F-10EF-4415-BB9E-E40851D673C5}.Debug|Any CPU.ActiveCfg = Debug|Any CPU
		{BB78367F-10EF-4415-BB9E-E40851D673C5}.Debug|Any CPU.Build.0 = Debug|Any CPU
		{BB78367F-10EF-4415-BB9E-E40851D673C5}.Release|Any CPU.ActiveCfg = Release|Any CPU
		{BB78367F-10EF-4415-BB9E-E40851D673C5}.Release|Any CPU.Build.0 = Release|Any CPU
		{40BD30F7-B22D-4F2D-97FA-BBD292F79721}.Debug|Any CPU.ActiveCfg = Debug|Any CPU
		{40BD30F7-B22D-4F2D-97FA-BBD292F79721}.Debug|Any CPU.Build.0 = Debug|Any CPU
		{40BD30F7-B22D-4F2D-97FA-BBD292F79721}.Release|Any CPU.ActiveCfg = Release|Any CPU
		{40BD30F7-B22D-4F2D-97FA-BBD292F79721}.Release|Any CPU.Build.0 = Release|Any CPU
		{6877BF99-73F0-41DB-96BF-5A4224460257}.Debug|Any CPU.ActiveCfg = Debug|Any CPU
		{6877BF99-73F0-41DB-96BF-5A4224460257}.Debug|Any CPU.Build.0 = Debug|Any CPU
		{6877BF99-73F0-41DB-96BF-5A4224460257}.Release|Any CPU.ActiveCfg = Release|Any CPU
		{6877BF99-73F0-41DB-96BF-5A4224460257}.Release|Any CPU.Build.0 = Release|Any CPU
	EndGlobalSection
	GlobalSection(SolutionProperties) = preSolution
		HideSolutionNode = FALSE
	EndGlobalSection
	GlobalSection(ExtensibilityGlobals) = postSolution
		SolutionGuid = {12775F32-36F5-4AA3-95FC-DA2FC3580AE3}
	EndGlobalSection
EndGlobal
